// !$*UTF8*$!
{
	archiveVersion = 1;
	classes = {
	};
	objectVersion = 56;
	objects = {

/* Begin PBXBuildFile section */
		7A35BAAC29544C05006C0AF7 /* AppDelegate.swift in Sources */ = {isa = PBXBuildFile; fileRef = 7A35BAAB29544C05006C0AF7 /* AppDelegate.swift */; };
		7A35BAAE29544C05006C0AF7 /* SceneDelegate.swift in Sources */ = {isa = PBXBuildFile; fileRef = 7A35BAAD29544C05006C0AF7 /* SceneDelegate.swift */; };
		7A35BAB029544C05006C0AF7 /* ViewController.swift in Sources */ = {isa = PBXBuildFile; fileRef = 7A35BAAF29544C05006C0AF7 /* ViewController.swift */; };
		7A35BAB329544C05006C0AF7 /* Main.storyboard in Resources */ = {isa = PBXBuildFile; fileRef = 7A35BAB129544C05006C0AF7 /* Main.storyboard */; };
		7A35BAB529544C08006C0AF7 /* Assets.xcassets in Resources */ = {isa = PBXBuildFile; fileRef = 7A35BAB429544C08006C0AF7 /* Assets.xcassets */; };
		7A35BAB829544C08006C0AF7 /* LaunchScreen.storyboard in Resources */ = {isa = PBXBuildFile; fileRef = 7A35BAB629544C08006C0AF7 /* LaunchScreen.storyboard */; };
/* End PBXBuildFile section */

/* Begin PBXContainerItemProxy section */
		7A35BABF29544C08006C0AF7 /* PBXContainerItemProxy */ = {
			isa = PBXContainerItemProxy;
			containerPortal = 7A35BAA029544C05006C0AF7 /* Project object */;
			proxyType = 1;
			remoteGlobalIDString = 7A35BAA729544C05006C0AF7;
			remoteInfo = "Introduction to Swift Project";
		};
		7A35BAC929544C09006C0AF7 /* PBXContainerItemProxy */ = {
			isa = PBXContainerItemProxy;
			containerPortal = 7A35BAA029544C05006C0AF7 /* Project object */;
			proxyType = 1;
			remoteGlobalIDString = 7A35BAA729544C05006C0AF7;
			remoteInfo = "Introduction to Swift Project";
		};
/* End PBXContainerItemProxy section */

/* Begin PBXFileReference section */
		7A35BAA829544C05006C0AF7 /* Introduction to Swift Project.app */ = {isa = PBXFileReference; explicitFileType = wrapper.application; includeInIndex = 0; path = "Introduction to Swift Project.app"; sourceTree = BUILT_PRODUCTS_DIR; };
		7A35BAAB29544C05006C0AF7 /* AppDelegate.swift */ = {isa = PBXFileReference; lastKnownFileType = sourcecode.swift; path = AppDelegate.swift; sourceTree = "<group>"; };
		7A35BAAD29544C05006C0AF7 /* SceneDelegate.swift */ = {isa = PBXFileReference; lastKnownFileType = sourcecode.swift; path = SceneDelegate.swift; sourceTree = "<group>"; };
		7A35BAAF29544C05006C0AF7 /* ViewController.swift */ = {isa = PBXFileReference; lastKnownFileType = sourcecode.swift; path = ViewController.swift; sourceTree = "<group>"; };
		7A35BAB229544C05006C0AF7 /* Base */ = {isa = PBXFileReference; lastKnownFileType = file.storyboard; name = Base; path = Base.lproj/Main.storyboard; sourceTree = "<group>"; };
		7A35BAB429544C08006C0AF7 /* Assets.xcassets */ = {isa = PBXFileReference; lastKnownFileType = folder.assetcatalog; path = Assets.xcassets; sourceTree = "<group>"; };
		7A35BAB729544C08006C0AF7 /* Base */ = {isa = PBXFileReference; lastKnownFileType = file.storyboard; name = Base; path = Base.lproj/LaunchScreen.storyboard; sourceTree = "<group>"; };
		7A35BAB929544C08006C0AF7 /* Info.plist */ = {isa = PBXFileReference; lastKnownFileType = text.plist.xml; path = Info.plist; sourceTree = "<group>"; };
		7A35BABE29544C08006C0AF7 /* Introduction to Swift ProjectTests.xctest */ = {isa = PBXFileReference; explicitFileType = wrapper.cfbundle; includeInIndex = 0; path = "Introduction to Swift ProjectTests.xctest"; sourceTree = BUILT_PRODUCTS_DIR; };
		7A35BAC829544C09006C0AF7 /* Introduction to Swift ProjectUITests.xctest */ = {isa = PBXFileReference; explicitFileType = wrapper.cfbundle; includeInIndex = 0; path = "Introduction to Swift ProjectUITests.xctest"; sourceTree = BUILT_PRODUCTS_DIR; };
/* End PBXFileReference section */

/* Begin PBXFrameworksBuildPhase section */
		7A35BAA529544C05006C0AF7 /* Frameworks */ = {
			isa = PBXFrameworksBuildPhase;
			buildActionMask = 2147483647;
			files = (
			);
			runOnlyForDeploymentPostprocessing = 0;
		};
		7A35BABB29544C08006C0AF7 /* Frameworks */ = {
			isa = PBXFrameworksBuildPhase;
			buildActionMask = 2147483647;
			files = (
			);
			runOnlyForDeploymentPostprocessing = 0;
		};
		7A35BAC529544C09006C0AF7 /* Frameworks */ = {
			isa = PBXFrameworksBuildPhase;
			buildActionMask = 2147483647;
			files = (
			);
			runOnlyForDeploymentPostprocessing = 0;
		};
/* End PBXFrameworksBuildPhase section */

/* Begin PBXGroup section */
		7A35BA9F29544C05006C0AF7 = {
			isa = PBXGroup;
			children = (
				7A35BAAA29544C05006C0AF7 /* Introduction to Swift Project */,
				7A35BAA929544C05006C0AF7 /* Products */,
			);
			sourceTree = "<group>";
		};
		7A35BAA929544C05006C0AF7 /* Products */ = {
			isa = PBXGroup;
			children = (
				7A35BAA829544C05006C0AF7 /* Introduction to Swift Project.app */,
				7A35BABE29544C08006C0AF7 /* Introduction to Swift ProjectTests.xctest */,
				7A35BAC829544C09006C0AF7 /* Introduction to Swift ProjectUITests.xctest */,
			);
			name = Products;
			sourceTree = "<group>";
		};
		7A35BAAA29544C05006C0AF7 /* Introduction to Swift Project */ = {
			isa = PBXGroup;
			children = (
				7A35BAAB29544C05006C0AF7 /* AppDelegate.swift */,
				7A35BAAD29544C05006C0AF7 /* SceneDelegate.swift */,
				7A35BAAF29544C05006C0AF7 /* ViewController.swift */,
				7A35BAB129544C05006C0AF7 /* Main.storyboard */,
				7A35BAB429544C08006C0AF7 /* Assets.xcassets */,
				7A35BAB629544C08006C0AF7 /* LaunchScreen.storyboard */,
				7A35BAB929544C08006C0AF7 /* Info.plist */,
			);
			path = "Introduction to Swift Project";
			sourceTree = "<group>";
		};
/* End PBXGroup section */

/* Begin PBXNativeTarget section */
		7A35BAA729544C05006C0AF7 /* Introduction to Swift Project */ = {
			isa = PBXNativeTarget;
			buildConfigurationList = 7A35BAD229544C09006C0AF7 /* Build configuration list for PBXNativeTarget "Introduction to Swift Project" */;
			buildPhases = (
				7A35BAA429544C05006C0AF7 /* Sources */,
				7A35BAA529544C05006C0AF7 /* Frameworks */,
				7A35BAA629544C05006C0AF7 /* Resources */,
			);
			buildRules = (
			);
			dependencies = (
			);
			name = "Introduction to Swift Project";
			productName = "Introduction to Swift Project";
			productReference = 7A35BAA829544C05006C0AF7 /* Introduction to Swift Project.app */;
			productType = "com.apple.product-type.application";
		};
		7A35BABD29544C08006C0AF7 /* Introduction to Swift ProjectTests */ = {
			isa = PBXNativeTarget;
			buildConfigurationList = 7A35BAD529544C09006C0AF7 /* Build configuration list for PBXNativeTarget "Introduction to Swift ProjectTests" */;
			buildPhases = (
				7A35BABA29544C08006C0AF7 /* Sources */,
				7A35BABB29544C08006C0AF7 /* Frameworks */,
				7A35BABC29544C08006C0AF7 /* Resources */,
			);
			buildRules = (
			);
			dependencies = (
				7A35BAC029544C08006C0AF7 /* PBXTargetDependency */,
			);
			name = "Introduction to Swift ProjectTests";
			productName = "Introduction to Swift ProjectTests";
			productReference = 7A35BABE29544C08006C0AF7 /* Introduction to Swift ProjectTests.xctest */;
			productType = "com.apple.product-type.bundle.unit-test";
		};
		7A35BAC729544C09006C0AF7 /* Introduction to Swift ProjectUITests */ = {
			isa = PBXNativeTarget;
			buildConfigurationList = 7A35BAD829544C09006C0AF7 /* Build configuration list for PBXNativeTarget "Introduction to Swift ProjectUITests" */;
			buildPhases = (
				7A35BAC429544C09006C0AF7 /* Sources */,
				7A35BAC529544C09006C0AF7 /* Frameworks */,
				7A35BAC629544C09006C0AF7 /* Resources */,
			);
			buildRules = (
			);
			dependencies = (
				7A35BACA29544C09006C0AF7 /* PBXTargetDependency */,
			);
			name = "Introduction to Swift ProjectUITests";
			productName = "Introduction to Swift ProjectUITests";
			productReference = 7A35BAC829544C09006C0AF7 /* Introduction to Swift ProjectUITests.xctest */;
			productType = "com.apple.product-type.bundle.ui-testing";
		};
/* End PBXNativeTarget section */

/* Begin PBXProject section */
		7A35BAA029544C05006C0AF7 /* Project object */ = {
			isa = PBXProject;
			attributes = {
				BuildIndependentTargetsInParallel = 1;
				LastSwiftUpdateCheck = 1420;
				LastUpgradeCheck = 1420;
				TargetAttributes = {
					7A35BAA729544C05006C0AF7 = {
						CreatedOnToolsVersion = 14.2;
					};
					7A35BABD29544C08006C0AF7 = {
						CreatedOnToolsVersion = 14.2;
						TestTargetID = 7A35BAA729544C05006C0AF7;
					};
					7A35BAC729544C09006C0AF7 = {
						CreatedOnToolsVersion = 14.2;
						TestTargetID = 7A35BAA729544C05006C0AF7;
					};
				};
			};
			buildConfigurationList = 7A35BAA329544C05006C0AF7 /* Build configuration list for PBXProject "Introduction to Swift Project" */;
			compatibilityVersion = "Xcode 14.0";
			developmentRegion = en;
			hasScannedForEncodings = 0;
			knownRegions = (
				en,
				Base,
			);
			mainGroup = 7A35BA9F29544C05006C0AF7;
			productRefGroup = 7A35BAA929544C05006C0AF7 /* Products */;
			projectDirPath = "";
			projectRoot = "";
			targets = (
				7A35BAA729544C05006C0AF7 /* Introduction to Swift Project */,
				7A35BABD29544C08006C0AF7 /* Introduction to Swift ProjectTests */,
				7A35BAC729544C09006C0AF7 /* Introduction to Swift ProjectUITests */,
			);
		};
/* End PBXProject section */

/* Begin PBXResourcesBuildPhase section */
		7A35BAA629544C05006C0AF7 /* Resources */ = {
			isa = PBXResourcesBuildPhase;
			buildActionMask = 2147483647;
			files = (
				7A35BAB829544C08006C0AF7 /* LaunchScreen.storyboard in Resources */,
				7A35BAB529544C08006C0AF7 /* Assets.xcassets in Resources */,
				7A35BAB329544C05006C0AF7 /* Main.storyboard in Resources */,
			);
			runOnlyForDeploymentPostprocessing = 0;
		};
		7A35BABC29544C08006C0AF7 /* Resources */ = {
			isa = PBXResourcesBuildPhase;
			buildActionMask = 2147483647;
			files = (
			);
			runOnlyForDeploymentPostprocessing = 0;
		};
		7A35BAC629544C09006C0AF7 /* Resources */ = {
			isa = PBXResourcesBuildPhase;
			buildActionMask = 2147483647;
			files = (
			);
			runOnlyForDeploymentPostprocessing = 0;
		};
/* End PBXResourcesBuildPhase section */

/* Begin PBXSourcesBuildPhase section */
		7A35BAA429544C05006C0AF7 /* Sources */ = {
			isa = PBXSourcesBuildPhase;
			buildActionMask = 2147483647;
			files = (
				7A35BAB029544C05006C0AF7 /* ViewController.swift in Sources */,
				7A35BAAC29544C05006C0AF7 /* AppDelegate.swift in Sources */,
				7A35BAAE29544C05006C0AF7 /* SceneDelegate.swift in Sources */,
			);
			runOnlyForDeploymentPostprocessing = 0;
		};
		7A35BABA29544C08006C0AF7 /* Sources */ = {
			isa = PBXSourcesBuildPhase;
			buildActionMask = 2147483647;
			files = (
			);
			runOnlyForDeploymentPostprocessing = 0;
		};
		7A35BAC429544C09006C0AF7 /* Sources */ = {
			isa = PBXSourcesBuildPhase;
			buildActionMask = 2147483647;
			files = (
			);
			runOnlyForDeploymentPostprocessing = 0;
		};
/* End PBXSourcesBuildPhase section */

/* Begin PBXTargetDependency section */
		7A35BAC029544C08006C0AF7 /* PBXTargetDependency */ = {
			isa = PBXTargetDependency;
			target = 7A35BAA729544C05006C0AF7 /* Introduction to Swift Project */;
			targetProxy = 7A35BABF29544C08006C0AF7 /* PBXContainerItemProxy */;
		};
		7A35BACA29544C09006C0AF7 /* PBXTargetDependency */ = {
			isa = PBXTargetDependency;
			target = 7A35BAA729544C05006C0AF7 /* Introduction to Swift Project */;
			targetProxy = 7A35BAC929544C09006C0AF7 /* PBXContainerItemProxy */;
		};
/* End PBXTargetDependency section */

/* Begin PBXVariantGroup section */
		7A35BAB129544C05006C0AF7 /* Main.storyboard */ = {
			isa = PBXVariantGroup;
			children = (
				7A35BAB229544C05006C0AF7 /* Base */,
			);
			name = Main.storyboard;
			sourceTree = "<group>";
		};
		7A35BAB629544C08006C0AF7 /* LaunchScreen.storyboard */ = {
			isa = PBXVariantGroup;
			children = (
				7A35BAB729544C08006C0AF7 /* Base */,
			);
			name = LaunchScreen.storyboard;
			sourceTree = "<group>";
		};
/* End PBXVariantGroup section */

/* Begin XCBuildConfiguration section */
		7A35BAD029544C09006C0AF7 /* Debug */ = {
			isa = XCBuildConfiguration;
			buildSettings = {
				ALWAYS_SEARCH_USER_PATHS = NO;
				CLANG_ANALYZER_NONNULL = YES;
				CLANG_ANALYZER_NUMBER_OBJECT_CONVERSION = YES_AGGRESSIVE;
				CLANG_CXX_LANGUAGE_STANDARD = "gnu++20";
				CLANG_ENABLE_MODULES = YES;
				CLANG_ENABLE_OBJC_ARC = YES;
				CLANG_ENABLE_OBJC_WEAK = YES;
				CLANG_WARN_BLOCK_CAPTURE_AUTORELEASING = YES;
				CLANG_WARN_BOOL_CONVERSION = YES;
				CLANG_WARN_COMMA = YES;
				CLANG_WARN_CONSTANT_CONVERSION = YES;
				CLANG_WARN_DEPRECATED_OBJC_IMPLEMENTATIONS = YES;
				CLANG_WARN_DIRECT_OBJC_ISA_USAGE = YES_ERROR;
				CLANG_WARN_DOCUMENTATION_COMMENTS = YES;
				CLANG_WARN_EMPTY_BODY = YES;
				CLANG_WARN_ENUM_CONVERSION = YES;
				CLANG_WARN_INFINITE_RECURSION = YES;
				CLANG_WARN_INT_CONVERSION = YES;
				CLANG_WARN_NON_LITERAL_NULL_CONVERSION = YES;
				CLANG_WARN_OBJC_IMPLICIT_RETAIN_SELF = YES;
				CLANG_WARN_OBJC_LITERAL_CONVERSION = YES;
				CLANG_WARN_OBJC_ROOT_CLASS = YES_ERROR;
				CLANG_WARN_QUOTED_INCLUDE_IN_FRAMEWORK_HEADER = YES;
				CLANG_WARN_RANGE_LOOP_ANALYSIS = YES;
				CLANG_WARN_STRICT_PROTOTYPES = YES;
				CLANG_WARN_SUSPICIOUS_MOVE = YES;
				CLANG_WARN_UNGUARDED_AVAILABILITY = YES_AGGRESSIVE;
				CLANG_WARN_UNREACHABLE_CODE = YES;
				CLANG_WARN__DUPLICATE_METHOD_MATCH = YES;
				COPY_PHASE_STRIP = NO;
				DEBUG_INFORMATION_FORMAT = dwarf;
				ENABLE_STRICT_OBJC_MSGSEND = YES;
				ENABLE_TESTABILITY = YES;
				GCC_C_LANGUAGE_STANDARD = gnu11;
				GCC_DYNAMIC_NO_PIC = NO;
				GCC_NO_COMMON_BLOCKS = YES;
				GCC_OPTIMIZATION_LEVEL = 0;
				GCC_PREPROCESSOR_DEFINITIONS = (
					"DEBUG=1",
					"$(inherited)",
				);
				GCC_WARN_64_TO_32_BIT_CONVERSION = YES;
				GCC_WARN_ABOUT_RETURN_TYPE = YES_ERROR;
				GCC_WARN_UNDECLARED_SELECTOR = YES;
				GCC_WARN_UNINITIALIZED_AUTOS = YES_AGGRESSIVE;
				GCC_WARN_UNUSED_FUNCTION = YES;
				GCC_WARN_UNUSED_VARIABLE = YES;
				IPHONEOS_DEPLOYMENT_TARGET = 16.2;
				MTL_ENABLE_DEBUG_INFO = INCLUDE_SOURCE;
				MTL_FAST_MATH = YES;
				ONLY_ACTIVE_ARCH = YES;
				SDKROOT = iphoneos;
				SWIFT_ACTIVE_COMPILATION_CONDITIONS = DEBUG;
				SWIFT_OPTIMIZATION_LEVEL = "-Onone";
			};
			name = Debug;
		};
		7A35BAD129544C09006C0AF7 /* Release */ = {
			isa = XCBuildConfiguration;
			buildSettings = {
				ALWAYS_SEARCH_USER_PATHS = NO;
				CLANG_ANALYZER_NONNULL = YES;
				CLANG_ANALYZER_NUMBER_OBJECT_CONVERSION = YES_AGGRESSIVE;
				CLANG_CXX_LANGUAGE_STANDARD = "gnu++20";
				CLANG_ENABLE_MODULES = YES;
				CLANG_ENABLE_OBJC_ARC = YES;
				CLANG_ENABLE_OBJC_WEAK = YES;
				CLANG_WARN_BLOCK_CAPTURE_AUTORELEASING = YES;
				CLANG_WARN_BOOL_CONVERSION = YES;
				CLANG_WARN_COMMA = YES;
				CLANG_WARN_CONSTANT_CONVERSION = YES;
				CLANG_WARN_DEPRECATED_OBJC_IMPLEMENTATIONS = YES;
				CLANG_WARN_DIRECT_OBJC_ISA_USAGE = YES_ERROR;
				CLANG_WARN_DOCUMENTATION_COMMENTS = YES;
				CLANG_WARN_EMPTY_BODY = YES;
				CLANG_WARN_ENUM_CONVERSION = YES;
				CLANG_WARN_INFINITE_RECURSION = YES;
				CLANG_WARN_INT_CONVERSION = YES;
				CLANG_WARN_NON_LITERAL_NULL_CONVERSION = YES;
				CLANG_WARN_OBJC_IMPLICIT_RETAIN_SELF = YES;
				CLANG_WARN_OBJC_LITERAL_CONVERSION = YES;
				CLANG_WARN_OBJC_ROOT_CLASS = YES_ERROR;
				CLANG_WARN_QUOTED_INCLUDE_IN_FRAMEWORK_HEADER = YES;
				CLANG_WARN_RANGE_LOOP_ANALYSIS = YES;
				CLANG_WARN_STRICT_PROTOTYPES = YES;
				CLANG_WARN_SUSPICIOUS_MOVE = YES;
				CLANG_WARN_UNGUARDED_AVAILABILITY = YES_AGGRESSIVE;
				CLANG_WARN_UNREACHABLE_CODE = YES;
				CLANG_WARN__DUPLICATE_METHOD_MATCH = YES;
				COPY_PHASE_STRIP = NO;
				DEBUG_INFORMATION_FORMAT = "dwarf-with-dsym";
				ENABLE_NS_ASSERTIONS = NO;
				ENABLE_STRICT_OBJC_MSGSEND = YES;
				GCC_C_LANGUAGE_STANDARD = gnu11;
				GCC_NO_COMMON_BLOCKS = YES;
				GCC_WARN_64_TO_32_BIT_CONVERSION = YES;
				GCC_WARN_ABOUT_RETURN_TYPE = YES_ERROR;
				GCC_WARN_UNDECLARED_SELECTOR = YES;
				GCC_WARN_UNINITIALIZED_AUTOS = YES_AGGRESSIVE;
				GCC_WARN_UNUSED_FUNCTION = YES;
				GCC_WARN_UNUSED_VARIABLE = YES;
				IPHONEOS_DEPLOYMENT_TARGET = 16.2;
				MTL_ENABLE_DEBUG_INFO = NO;
				MTL_FAST_MATH = YES;
				SDKROOT = iphoneos;
				SWIFT_COMPILATION_MODE = wholemodule;
				SWIFT_OPTIMIZATION_LEVEL = "-O";
				VALIDATE_PRODUCT = YES;
			};
			name = Release;
		};
		7A35BAD329544C09006C0AF7 /* Debug */ = {
			isa = XCBuildConfiguration;
			buildSettings = {
				ASSETCATALOG_COMPILER_APPICON_NAME = AppIcon;
				ASSETCATALOG_COMPILER_GLOBAL_ACCENT_COLOR_NAME = AccentColor;
				CODE_SIGN_STYLE = Automatic;
				CURRENT_PROJECT_VERSION = 1;
				DEVELOPMENT_TEAM = KYA4SFV9F2;
				GENERATE_INFOPLIST_FILE = YES;
				INFOPLIST_FILE = "Introduction to Swift Project/Info.plist";
				INFOPLIST_KEY_UIApplicationSupportsIndirectInputEvents = YES;
				INFOPLIST_KEY_UILaunchStoryboardName = LaunchScreen;
				INFOPLIST_KEY_UIMainStoryboardFile = Main;
				INFOPLIST_KEY_UISupportedInterfaceOrientations_iPad = "UIInterfaceOrientationPortrait UIInterfaceOrientationPortraitUpsideDown UIInterfaceOrientationLandscapeLeft UIInterfaceOrientationLandscapeRight";
				INFOPLIST_KEY_UISupportedInterfaceOrientations_iPhone = "UIInterfaceOrientationPortrait UIInterfaceOrientationLandscapeLeft UIInterfaceOrientationLandscapeRight";
				LD_RUNPATH_SEARCH_PATHS = (
					"$(inherited)",
					"@executable_path/Frameworks",
				);
				MARKETING_VERSION = 1.0;
				PRODUCT_BUNDLE_IDENTIFIER = "KuzivakwasheMavera.Introduction-to-Swift-Project";
				PRODUCT_NAME = "$(TARGET_NAME)";
				SWIFT_EMIT_LOC_STRINGS = YES;
				SWIFT_VERSION = 5.0;
				TARGETED_DEVICE_FAMILY = "1,2";
			};
			name = Debug;
		};
		7A35BAD429544C09006C0AF7 /* Release */ = {
			isa = XCBuildConfiguration;
			buildSettings = {
				ASSETCATALOG_COMPILER_APPICON_NAME = AppIcon;
				ASSETCATALOG_COMPILER_GLOBAL_ACCENT_COLOR_NAME = AccentColor;
				CODE_SIGN_STYLE = Automatic;
				CURRENT_PROJECT_VERSION = 1;
				DEVELOPMENT_TEAM = KYA4SFV9F2;
				GENERATE_INFOPLIST_FILE = YES;
				INFOPLIST_FILE = "Introduction to Swift Project/Info.plist";
				INFOPLIST_KEY_UIApplicationSupportsIndirectInputEvents = YES;
				INFOPLIST_KEY_UILaunchStoryboardName = LaunchScreen;
				INFOPLIST_KEY_UIMainStoryboardFile = Main;
				INFOPLIST_KEY_UISupportedInterfaceOrientations_iPad = "UIInterfaceOrientationPortrait UIInterfaceOrientationPortraitUpsideDown UIInterfaceOrientationLandscapeLeft UIInterfaceOrientationLandscapeRight";
				INFOPLIST_KEY_UISupportedInterfaceOrientations_iPhone = "UIInterfaceOrientationPortrait UIInterfaceOrientationLandscapeLeft UIInterfaceOrientationLandscapeRight";
				LD_RUNPATH_SEARCH_PATHS = (
					"$(inherited)",
					"@executable_path/Frameworks",
				);
				MARKETING_VERSION = 1.0;
				PRODUCT_BUNDLE_IDENTIFIER = "KuzivakwasheMavera.Introduction-to-Swift-Project";
				PRODUCT_NAME = "$(TARGET_NAME)";
				SWIFT_EMIT_LOC_STRINGS = YES;
				SWIFT_VERSION = 5.0;
				TARGETED_DEVICE_FAMILY = "1,2";
			};
			name = Release;
		};
		7A35BAD629544C09006C0AF7 /* Debug */ = {
			isa = XCBuildConfiguration;
			buildSettings = {
				ALWAYS_EMBED_SWIFT_STANDARD_LIBRARIES = YES;
				BUNDLE_LOADER = "$(TEST_HOST)";
				CODE_SIGN_STYLE = Automatic;
				CURRENT_PROJECT_VERSION = 1;
				DEVELOPMENT_TEAM = KYA4SFV9F2;
				GENERATE_INFOPLIST_FILE = YES;
				IPHONEOS_DEPLOYMENT_TARGET = 16.2;
				MARKETING_VERSION = 1.0;
				PRODUCT_BUNDLE_IDENTIFIER = "KuzivakwasheMavera.Introduction-to-Swift-ProjectTests";
				PRODUCT_NAME = "$(TARGET_NAME)";
				SWIFT_EMIT_LOC_STRINGS = NO;
				SWIFT_VERSION = 5.0;
				TARGETED_DEVICE_FAMILY = "1,2";
				TEST_HOST = "$(BUILT_PRODUCTS_DIR)/Introduction to Swift Project.app/$(BUNDLE_EXECUTABLE_FOLDER_PATH)/Introduction to Swift Project";
			};
			name = Debug;
		};
		7A35BAD729544C09006C0AF7 /* Release */ = {
			isa = XCBuildConfiguration;
			buildSettings = {
				ALWAYS_EMBED_SWIFT_STANDARD_LIBRARIES = YES;
				BUNDLE_LOADER = "$(TEST_HOST)";
				CODE_SIGN_STYLE = Automatic;
				CURRENT_PROJECT_VERSION = 1;
				DEVELOPMENT_TEAM = KYA4SFV9F2;
				GENERATE_INFOPLIST_FILE = YES;
				IPHONEOS_DEPLOYMENT_TARGET = 16.2;
				MARKETING_VERSION = 1.0;
				PRODUCT_BUNDLE_IDENTIFIER = "KuzivakwasheMavera.Introduction-to-Swift-ProjectTests";
				PRODUCT_NAME = "$(TARGET_NAME)";
				SWIFT_EMIT_LOC_STRINGS = NO;
				SWIFT_VERSION = 5.0;
				TARGETED_DEVICE_FAMILY = "1,2";
				TEST_HOST = "$(BUILT_PRODUCTS_DIR)/Introduction to Swift Project.app/$(BUNDLE_EXECUTABLE_FOLDER_PATH)/Introduction to Swift Project";
			};
			name = Release;
		};
		7A35BAD929544C09006C0AF7 /* Debug */ = {
			isa = XCBuildConfiguration;
			buildSettings = {
				ALWAYS_EMBED_SWIFT_STANDARD_LIBRARIES = YES;
				CODE_SIGN_STYLE = Automatic;
				CURRENT_PROJECT_VERSION = 1;
				DEVELOPMENT_TEAM = KYA4SFV9F2;
				GENERATE_INFOPLIST_FILE = YES;
				MARKETING_VERSION = 1.0;
				PRODUCT_BUNDLE_IDENTIFIER = "KuzivakwasheMavera.Introduction-to-Swift-ProjectUITests";
				PRODUCT_NAME = "$(TARGET_NAME)";
				SWIFT_EMIT_LOC_STRINGS = NO;
				SWIFT_VERSION = 5.0;
				TARGETED_DEVICE_FAMILY = "1,2";
				TEST_TARGET_NAME = "Introduction to Swift Project";
			};
			name = Debug;
		};
		7A35BADA29544C09006C0AF7 /* Release */ = {
			isa = XCBuildConfiguration;
			buildSettings = {
				ALWAYS_EMBED_SWIFT_STANDARD_LIBRARIES = YES;
				CODE_SIGN_STYLE = Automatic;
				CURRENT_PROJECT_VERSION = 1;
				DEVELOPMENT_TEAM = KYA4SFV9F2;
				GENERATE_INFOPLIST_FILE = YES;
				MARKETING_VERSION = 1.0;
				PRODUCT_BUNDLE_IDENTIFIER = "KuzivakwasheMavera.Introduction-to-Swift-ProjectUITests";
				PRODUCT_NAME = "$(TARGET_NAME)";
				SWIFT_EMIT_LOC_STRINGS = NO;
				SWIFT_VERSION = 5.0;
				TARGETED_DEVICE_FAMILY = "1,2";
				TEST_TARGET_NAME = "Introduction to Swift Project";
			};
			name = Release;
		};
/* End XCBuildConfiguration section */

/* Begin XCConfigurationList section */
		7A35BAA329544C05006C0AF7 /* Build configuration list for PBXProject "Introduction to Swift Project" */ = {
			isa = XCConfigurationList;
			buildConfigurations = (
				7A35BAD029544C09006C0AF7 /* Debug */,
				7A35BAD129544C09006C0AF7 /* Release */,
			);
			defaultConfigurationIsVisible = 0;
			defaultConfigurationName = Release;
		};
		7A35BAD229544C09006C0AF7 /* Build configuration list for PBXNativeTarget "Introduction to Swift Project" */ = {
			isa = XCConfigurationList;
			buildConfigurations = (
				7A35BAD329544C09006C0AF7 /* Debug */,
				7A35BAD429544C09006C0AF7 /* Release */,
			);
			defaultConfigurationIsVisible = 0;
			defaultConfigurationName = Release;
		};
		7A35BAD529544C09006C0AF7 /* Build configuration list for PBXNativeTarget "Introduction to Swift ProjectTests" */ = {
			isa = XCConfigurationList;
			buildConfigurations = (
				7A35BAD629544C09006C0AF7 /* Debug */,
				7A35BAD729544C09006C0AF7 /* Release */,
			);
			defaultConfigurationIsVisible = 0;
			defaultConfigurationName = Release;
		};
		7A35BAD829544C09006C0AF7 /* Build configuration list for PBXNativeTarget "Introduction to Swift ProjectUITests" */ = {
			isa = XCConfigurationList;
			buildConfigurations = (
				7A35BAD929544C09006C0AF7 /* Debug */,
				7A35BADA29544C09006C0AF7 /* Release */,
			);
			defaultConfigurationIsVisible = 0;
			defaultConfigurationName = Release;
		};
/* End XCConfigurationList section */
	};
	rootObject = 7A35BAA029544C05006C0AF7 /* Project object */;
}
